
Microsoft Visual Studio Solution File, Format Version 12.00
# Visual Studio Version 16
VisualStudioVersion = 16.0.30204.135
MinimumVisualStudioVersion = 10.0.40219.1
Project("{FAE04EC0-301F-11D3-BF4B-00C04F79EFBC}") = "Mimir.Server", "Mimir\Server\Mimir.Server.csproj", "{D2C2C3A3-1BAC-4D30-A74E-D649392C5255}"
EndProject
Project("{FAE04EC0-301F-11D3-BF4B-00C04F79EFBC}") = "Mimir.Client", "Mimir\Client\Mimir.Client.csproj", "{D489804E-9AA0-47B6-8A3A-D2E7DEC4EBB1}"
EndProject
Project("{FAE04EC0-301F-11D3-BF4B-00C04F79EFBC}") = "Mimir.Shared", "Mimir\Shared\Mimir.Shared.csproj", "{F338D228-0C3F-4207-91E5-C48A3BD79EEE}"
EndProject
Project("{2150E333-8FDC-42A3-9474-1A3956D46DE8}") = "docs", "docs", "{D6770974-4751-4F1F-BACB-11817ABAD5D1}"
EndProject
Project("{2150E333-8FDC-42A3-9474-1A3956D46DE8}") = "src", "src", "{A70D37DD-8BDD-4CE1-A6DC-8947F2856AAD}"
EndProject
Project("{2150E333-8FDC-42A3-9474-1A3956D46DE8}") = "test", "test", "{688CA300-882E-4743-8796-AD6FA2611AA9}"
EndProject
Project("{2150E333-8FDC-42A3-9474-1A3956D46DE8}") = "Data", "Data", "{A2330C9B-D351-4DD1-9305-0E1CBD6EE10D}"
EndProject
Project("{FAE04EC0-301F-11D3-BF4B-00C04F79EFBC}") = "Mimir.Data", "ClassLibrary1\Mimir.Data.csproj", "{35DA1DFF-F303-4C3F-BBF8-A2CA051815D9}"
EndProject
Project("{FAE04EC0-301F-11D3-BF4B-00C04F79EFBC}") = "Mimir.Domain", "Mimir.Domain\Mimir.Domain.csproj", "{BBBAD0AA-2060-46BD-8965-568DDA3835E9}"
EndProject
Global
	GlobalSection(SolutionConfigurationPlatforms) = preSolution
		Debug|Any CPU = Debug|Any CPU
		Release|Any CPU = Release|Any CPU
	EndGlobalSection
	GlobalSection(ProjectConfigurationPlatforms) = postSolution
		{D2C2C3A3-1BAC-4D30-A74E-D649392C5255}.Debug|Any CPU.ActiveCfg = Debug|Any CPU
		{D2C2C3A3-1BAC-4D30-A74E-D649392C5255}.Debug|Any CPU.Build.0 = Debug|Any CPU
		{D2C2C3A3-1BAC-4D30-A74E-D649392C5255}.Release|Any CPU.ActiveCfg = Release|Any CPU
		{D2C2C3A3-1BAC-4D30-A74E-D649392C5255}.Release|Any CPU.Build.0 = Release|Any CPU
		{D489804E-9AA0-47B6-8A3A-D2E7DEC4EBB1}.Debug|Any CPU.ActiveCfg = Debug|Any CPU
		{D489804E-9AA0-47B6-8A3A-D2E7DEC4EBB1}.Debug|Any CPU.Build.0 = Debug|Any CPU
		{D489804E-9AA0-47B6-8A3A-D2E7DEC4EBB1}.Release|Any CPU.ActiveCfg = Release|Any CPU
		{D489804E-9AA0-47B6-8A3A-D2E7DEC4EBB1}.Release|Any CPU.Build.0 = Release|Any CPU
		{F338D228-0C3F-4207-91E5-C48A3BD79EEE}.Debug|Any CPU.ActiveCfg = Debug|Any CPU
		{F338D228-0C3F-4207-91E5-C48A3BD79EEE}.Debug|Any CPU.Build.0 = Debug|Any CPU
		{F338D228-0C3F-4207-91E5-C48A3BD79EEE}.Release|Any CPU.ActiveCfg = Release|Any CPU
		{F338D228-0C3F-4207-91E5-C48A3BD79EEE}.Release|Any CPU.Build.0 = Release|Any CPU
		{35DA1DFF-F303-4C3F-BBF8-A2CA051815D9}.Debug|Any CPU.ActiveCfg = Debug|Any CPU
		{35DA1DFF-F303-4C3F-BBF8-A2CA051815D9}.Debug|Any CPU.Build.0 = Debug|Any CPU
		{35DA1DFF-F303-4C3F-BBF8-A2CA051815D9}.Release|Any CPU.ActiveCfg = Release|Any CPU
		{35DA1DFF-F303-4C3F-BBF8-A2CA051815D9}.Release|Any CPU.Build.0 = Release|Any CPU
		{BBBAD0AA-2060-46BD-8965-568DDA3835E9}.Debug|Any CPU.ActiveCfg = Debug|Any CPU
		{BBBAD0AA-2060-46BD-8965-568DDA3835E9}.Debug|Any CPU.Build.0 = Debug|Any CPU
		{BBBAD0AA-2060-46BD-8965-568DDA3835E9}.Release|Any CPU.ActiveCfg = Release|Any CPU
		{BBBAD0AA-2060-46BD-8965-568DDA3835E9}.Release|Any CPU.Build.0 = Release|Any CPU
	EndGlobalSection
	GlobalSection(SolutionProperties) = preSolution
		HideSolutionNode = FALSE
	EndGlobalSection
	GlobalSection(NestedProjects) = preSolution
		{D2C2C3A3-1BAC-4D30-A74E-D649392C5255} = {A70D37DD-8BDD-4CE1-A6DC-8947F2856AAD}
		{D489804E-9AA0-47B6-8A3A-D2E7DEC4EBB1} = {A70D37DD-8BDD-4CE1-A6DC-8947F2856AAD}
		{F338D228-0C3F-4207-91E5-C48A3BD79EEE} = {A70D37DD-8BDD-4CE1-A6DC-8947F2856AAD}
		{A2330C9B-D351-4DD1-9305-0E1CBD6EE10D} = {A70D37DD-8BDD-4CE1-A6DC-8947F2856AAD}
		{35DA1DFF-F303-4C3F-BBF8-A2CA051815D9} = {A2330C9B-D351-4DD1-9305-0E1CBD6EE10D}
		{BBBAD0AA-2060-46BD-8965-568DDA3835E9} = {A2330C9B-D351-4DD1-9305-0E1CBD6EE10D}
	EndGlobalSection
	GlobalSection(ExtensibilityGlobals) = postSolution
		SolutionGuid = {0FC1AA84-EFF1-4FE3-BF7B-2171FACED59E}
	EndGlobalSection
EndGlobal
